{
  "name": "Mini",
  "lockfileVersion": 3,
  "requires": true,
  "packages": {
    "": {
      "dependencies": {
        "tmp": "^0.2.5"
      }
    },
    "node_modules/tmp": {
      "version": "0.2.5",
      "resolved": "https://registry.npmjs.org/tmp/-/tmp-0.2.5.tgz",
      "integrity": "sha512-voyz6MApa1rQGUxT3E+BK7/ROe8itEx7vD8/HEvt4xwXucvQ5G5oeEiHkmHZJuBO21RpOf+YYm9MOivj709jow==",
      "license": "MIT",
      "engines": {
        "node": ">=14.14"
      }
    }
  }
}
